// !$*UTF8*$!
{
	archiveVersion = 1;
	classes = {
	};
	objectVersion = 55;
	objects = {

/* Begin PBXBuildFile section */
		042F933128D52147002855D7 /* AppDelegate.swift in Sources */ = {isa = PBXBuildFile; fileRef = 042F933028D52147002855D7 /* AppDelegate.swift */; };
		042F933328D52147002855D7 /* SceneDelegate.swift in Sources */ = {isa = PBXBuildFile; fileRef = 042F933228D52147002855D7 /* SceneDelegate.swift */; };
		042F933528D52147002855D7 /* ViewController.swift in Sources */ = {isa = PBXBuildFile; fileRef = 042F933428D52147002855D7 /* ViewController.swift */; };
		042F933828D52147002855D7 /* Main.storyboard in Resources */ = {isa = PBXBuildFile; fileRef = 042F933628D52147002855D7 /* Main.storyboard */; };
		042F933A28D52148002855D7 /* Assets.xcassets in Resources */ = {isa = PBXBuildFile; fileRef = 042F933928D52148002855D7 /* Assets.xcassets */; };
		042F933D28D52148002855D7 /* LaunchScreen.storyboard in Resources */ = {isa = PBXBuildFile; fileRef = 042F933B28D52148002855D7 /* LaunchScreen.storyboard */; };
		042F934828D52148002855D7 /* MeLiDemoTests.swift in Sources */ = {isa = PBXBuildFile; fileRef = 042F934728D52148002855D7 /* MeLiDemoTests.swift */; };
		042F935228D52148002855D7 /* MeLiDemoUITests.swift in Sources */ = {isa = PBXBuildFile; fileRef = 042F935128D52148002855D7 /* MeLiDemoUITests.swift */; };
		042F935428D52148002855D7 /* MeLiDemoUITestsLaunchTests.swift in Sources */ = {isa = PBXBuildFile; fileRef = 042F935328D52148002855D7 /* MeLiDemoUITestsLaunchTests.swift */; };
		04DDD8DF28DA37240082A93D /* CustomLog.swift in Sources */ = {isa = PBXBuildFile; fileRef = 04DDD8DE28DA37240082A93D /* CustomLog.swift */; };
/* End PBXBuildFile section */

/* Begin PBXContainerItemProxy section */
		042F934428D52148002855D7 /* PBXContainerItemProxy */ = {
			isa = PBXContainerItemProxy;
			containerPortal = 042F932528D52147002855D7 /* Project object */;
			proxyType = 1;
			remoteGlobalIDString = 042F932C28D52147002855D7;
			remoteInfo = MeLiDemo;
		};
		042F934E28D52148002855D7 /* PBXContainerItemProxy */ = {
			isa = PBXContainerItemProxy;
			containerPortal = 042F932528D52147002855D7 /* Project object */;
			proxyType = 1;
			remoteGlobalIDString = 042F932C28D52147002855D7;
			remoteInfo = MeLiDemo;
		};
/* End PBXContainerItemProxy section */

/* Begin PBXFileReference section */
		042F932D28D52147002855D7 /* MeLiDemo.app */ = {isa = PBXFileReference; explicitFileType = wrapper.application; includeInIndex = 0; path = MeLiDemo.app; sourceTree = BUILT_PRODUCTS_DIR; };
		042F933028D52147002855D7 /* AppDelegate.swift */ = {isa = PBXFileReference; lastKnownFileType = sourcecode.swift; path = AppDelegate.swift; sourceTree = "<group>"; };
		042F933228D52147002855D7 /* SceneDelegate.swift */ = {isa = PBXFileReference; lastKnownFileType = sourcecode.swift; path = SceneDelegate.swift; sourceTree = "<group>"; };
		042F933428D52147002855D7 /* ViewController.swift */ = {isa = PBXFileReference; lastKnownFileType = sourcecode.swift; path = ViewController.swift; sourceTree = "<group>"; };
		042F933728D52147002855D7 /* Base */ = {isa = PBXFileReference; lastKnownFileType = file.storyboard; name = Base; path = Base.lproj/Main.storyboard; sourceTree = "<group>"; };
		042F933928D52148002855D7 /* Assets.xcassets */ = {isa = PBXFileReference; lastKnownFileType = folder.assetcatalog; path = Assets.xcassets; sourceTree = "<group>"; };
		042F933C28D52148002855D7 /* Base */ = {isa = PBXFileReference; lastKnownFileType = file.storyboard; name = Base; path = Base.lproj/LaunchScreen.storyboard; sourceTree = "<group>"; };
		042F933E28D52148002855D7 /* Info.plist */ = {isa = PBXFileReference; lastKnownFileType = text.plist.xml; path = Info.plist; sourceTree = "<group>"; };
		042F934328D52148002855D7 /* MeLiDemoTests.xctest */ = {isa = PBXFileReference; explicitFileType = wrapper.cfbundle; includeInIndex = 0; path = MeLiDemoTests.xctest; sourceTree = BUILT_PRODUCTS_DIR; };
		042F934728D52148002855D7 /* MeLiDemoTests.swift */ = {isa = PBXFileReference; lastKnownFileType = sourcecode.swift; path = MeLiDemoTests.swift; sourceTree = "<group>"; };
		042F934D28D52148002855D7 /* MeLiDemoUITests.xctest */ = {isa = PBXFileReference; explicitFileType = wrapper.cfbundle; includeInIndex = 0; path = MeLiDemoUITests.xctest; sourceTree = BUILT_PRODUCTS_DIR; };
		042F935128D52148002855D7 /* MeLiDemoUITests.swift */ = {isa = PBXFileReference; lastKnownFileType = sourcecode.swift; path = MeLiDemoUITests.swift; sourceTree = "<group>"; };
		042F935328D52148002855D7 /* MeLiDemoUITestsLaunchTests.swift */ = {isa = PBXFileReference; lastKnownFileType = sourcecode.swift; path = MeLiDemoUITestsLaunchTests.swift; sourceTree = "<group>"; };
		04DDD8DE28DA37240082A93D /* CustomLog.swift */ = {isa = PBXFileReference; lastKnownFileType = sourcecode.swift; path = CustomLog.swift; sourceTree = "<group>"; };
/* End PBXFileReference section */

/* Begin PBXFrameworksBuildPhase section */
		042F932A28D52147002855D7 /* Frameworks */ = {
			isa = PBXFrameworksBuildPhase;
			buildActionMask = 2147483647;
			files = (
			);
			runOnlyForDeploymentPostprocessing = 0;
		};
		042F934028D52148002855D7 /* Frameworks */ = {
			isa = PBXFrameworksBuildPhase;
			buildActionMask = 2147483647;
			files = (
			);
			runOnlyForDeploymentPostprocessing = 0;
		};
		042F934A28D52148002855D7 /* Frameworks */ = {
			isa = PBXFrameworksBuildPhase;
			buildActionMask = 2147483647;
			files = (
			);
			runOnlyForDeploymentPostprocessing = 0;
		};
/* End PBXFrameworksBuildPhase section */

/* Begin PBXGroup section */
		042F932428D52147002855D7 = {
			isa = PBXGroup;
			children = (
				042F932F28D52147002855D7 /* MeLiDemo */,
				042F934628D52148002855D7 /* MeLiDemoTests */,
				042F935028D52148002855D7 /* MeLiDemoUITests */,
				042F932E28D52147002855D7 /* Products */,
			);
			sourceTree = "<group>";
		};
		042F932E28D52147002855D7 /* Products */ = {
			isa = PBXGroup;
			children = (
				042F932D28D52147002855D7 /* MeLiDemo.app */,
				042F934328D52148002855D7 /* MeLiDemoTests.xctest */,
				042F934D28D52148002855D7 /* MeLiDemoUITests.xctest */,
			);
			name = Products;
			sourceTree = "<group>";
		};
		042F932F28D52147002855D7 /* MeLiDemo */ = {
			isa = PBXGroup;
			children = (
				042F933028D52147002855D7 /* AppDelegate.swift */,
				042F933228D52147002855D7 /* SceneDelegate.swift */,
				042F933428D52147002855D7 /* ViewController.swift */,
				04DDD8DE28DA37240082A93D /* CustomLog.swift */,
				042F933628D52147002855D7 /* Main.storyboard */,
				042F933928D52148002855D7 /* Assets.xcassets */,
				042F933B28D52148002855D7 /* LaunchScreen.storyboard */,
				042F933E28D52148002855D7 /* Info.plist */,
			);
			path = MeLiDemo;
			sourceTree = "<group>";
		};
		042F934628D52148002855D7 /* MeLiDemoTests */ = {
			isa = PBXGroup;
			children = (
				042F934728D52148002855D7 /* MeLiDemoTests.swift */,
			);
			path = MeLiDemoTests;
			sourceTree = "<group>";
		};
		042F935028D52148002855D7 /* MeLiDemoUITests */ = {
			isa = PBXGroup;
			children = (
				042F935128D52148002855D7 /* MeLiDemoUITests.swift */,
				042F935328D52148002855D7 /* MeLiDemoUITestsLaunchTests.swift */,
			);
			path = MeLiDemoUITests;
			sourceTree = "<group>";
		};
/* End PBXGroup section */

/* Begin PBXNativeTarget section */
		042F932C28D52147002855D7 /* MeLiDemo */ = {
			isa = PBXNativeTarget;
			buildConfigurationList = 042F935728D52148002855D7 /* Build configuration list for PBXNativeTarget "MeLiDemo" */;
			buildPhases = (
				042F932928D52147002855D7 /* Sources */,
				042F932A28D52147002855D7 /* Frameworks */,
				042F932B28D52147002855D7 /* Resources */,
			);
			buildRules = (
			);
			dependencies = (
			);
			name = MeLiDemo;
			productName = MeLiDemo;
			productReference = 042F932D28D52147002855D7 /* MeLiDemo.app */;
			productType = "com.apple.product-type.application";
		};
		042F934228D52148002855D7 /* MeLiDemoTests */ = {
			isa = PBXNativeTarget;
			buildConfigurationList = 042F935A28D52148002855D7 /* Build configuration list for PBXNativeTarget "MeLiDemoTests" */;
			buildPhases = (
				042F933F28D52148002855D7 /* Sources */,
				042F934028D52148002855D7 /* Frameworks */,
				042F934128D52148002855D7 /* Resources */,
			);
			buildRules = (
			);
			dependencies = (
				042F934528D52148002855D7 /* PBXTargetDependency */,
			);
			name = MeLiDemoTests;
			productName = MeLiDemoTests;
			productReference = 042F934328D52148002855D7 /* MeLiDemoTests.xctest */;
			productType = "com.apple.product-type.bundle.unit-test";
		};
		042F934C28D52148002855D7 /* MeLiDemoUITests */ = {
			isa = PBXNativeTarget;
			buildConfigurationList = 042F935D28D52148002855D7 /* Build configuration list for PBXNativeTarget "MeLiDemoUITests" */;
			buildPhases = (
				042F934928D52148002855D7 /* Sources */,
				042F934A28D52148002855D7 /* Frameworks */,
				042F934B28D52148002855D7 /* Resources */,
			);
			buildRules = (
			);
			dependencies = (
				042F934F28D52148002855D7 /* PBXTargetDependency */,
			);
			name = MeLiDemoUITests;
			productName = MeLiDemoUITests;
			productReference = 042F934D28D52148002855D7 /* MeLiDemoUITests.xctest */;
			productType = "com.apple.product-type.bundle.ui-testing";
		};
/* End PBXNativeTarget section */

/* Begin PBXProject section */
		042F932528D52147002855D7 /* Project object */ = {
			isa = PBXProject;
			attributes = {
				BuildIndependentTargetsInParallel = 1;
				LastSwiftUpdateCheck = 1300;
				LastUpgradeCheck = 1300;
				TargetAttributes = {
					042F932C28D52147002855D7 = {
						CreatedOnToolsVersion = 13.0;
					};
					042F934228D52148002855D7 = {
						CreatedOnToolsVersion = 13.0;
						TestTargetID = 042F932C28D52147002855D7;
					};
					042F934C28D52148002855D7 = {
						CreatedOnToolsVersion = 13.0;
						TestTargetID = 042F932C28D52147002855D7;
					};
				};
			};
			buildConfigurationList = 042F932828D52147002855D7 /* Build configuration list for PBXProject "MeLiDemo" */;
			compatibilityVersion = "Xcode 13.0";
			developmentRegion = en;
			hasScannedForEncodings = 0;
			knownRegions = (
				en,
				Base,
			);
			mainGroup = 042F932428D52147002855D7;
			productRefGroup = 042F932E28D52147002855D7 /* Products */;
			projectDirPath = "";
			projectRoot = "";
			targets = (
				042F932C28D52147002855D7 /* MeLiDemo */,
				042F934228D52148002855D7 /* MeLiDemoTests */,
				042F934C28D52148002855D7 /* MeLiDemoUITests */,
			);
		};
/* End PBXProject section */

/* Begin PBXResourcesBuildPhase section */
		042F932B28D52147002855D7 /* Resources */ = {
			isa = PBXResourcesBuildPhase;
			buildActionMask = 2147483647;
			files = (
				042F933D28D52148002855D7 /* LaunchScreen.storyboard in Resources */,
				042F933A28D52148002855D7 /* Assets.xcassets in Resources */,
				042F933828D52147002855D7 /* Main.storyboard in Resources */,
			);
			runOnlyForDeploymentPostprocessing = 0;
		};
		042F934128D52148002855D7 /* Resources */ = {
			isa = PBXResourcesBuildPhase;
			buildActionMask = 2147483647;
			files = (
			);
			runOnlyForDeploymentPostprocessing = 0;
		};
		042F934B28D52148002855D7 /* Resources */ = {
			isa = PBXResourcesBuildPhase;
			buildActionMask = 2147483647;
			files = (
			);
			runOnlyForDeploymentPostprocessing = 0;
		};
/* End PBXResourcesBuildPhase section */

/* Begin PBXSourcesBuildPhase section */
		042F932928D52147002855D7 /* Sources */ = {
			isa = PBXSourcesBuildPhase;
			buildActionMask = 2147483647;
			files = (
				042F933528D52147002855D7 /* ViewController.swift in Sources */,
				042F933128D52147002855D7 /* AppDelegate.swift in Sources */,
				042F933328D52147002855D7 /* SceneDelegate.swift in Sources */,
				04DDD8DF28DA37240082A93D /* CustomLog.swift in Sources */,
			);
			runOnlyForDeploymentPostprocessing = 0;
		};
		042F933F28D52148002855D7 /* Sources */ = {
			isa = PBXSourcesBuildPhase;
			buildActionMask = 2147483647;
			files = (
				042F934828D52148002855D7 /* MeLiDemoTests.swift in Sources */,
			);
			runOnlyForDeploymentPostprocessing = 0;
		};
		042F934928D52148002855D7 /* Sources */ = {
			isa = PBXSourcesBuildPhase;
			buildActionMask = 2147483647;
			files = (
				042F935428D52148002855D7 /* MeLiDemoUITestsLaunchTests.swift in Sources */,
				042F935228D52148002855D7 /* MeLiDemoUITests.swift in Sources */,
			);
			runOnlyForDeploymentPostprocessing = 0;
		};
/* End PBXSourcesBuildPhase section */

/* Begin PBXTargetDependency section */
		042F934528D52148002855D7 /* PBXTargetDependency */ = {
			isa = PBXTargetDependency;
			target = 042F932C28D52147002855D7 /* MeLiDemo */;
			targetProxy = 042F934428D52148002855D7 /* PBXContainerItemProxy */;
		};
		042F934F28D52148002855D7 /* PBXTargetDependency */ = {
			isa = PBXTargetDependency;
			target = 042F932C28D52147002855D7 /* MeLiDemo */;
			targetProxy = 042F934E28D52148002855D7 /* PBXContainerItemProxy */;
		};
/* End PBXTargetDependency section */

/* Begin PBXVariantGroup section */
		042F933628D52147002855D7 /* Main.storyboard */ = {
			isa = PBXVariantGroup;
			children = (
				042F933728D52147002855D7 /* Base */,
			);
			name = Main.storyboard;
			sourceTree = "<group>";
		};
		042F933B28D52148002855D7 /* LaunchScreen.storyboard */ = {
			isa = PBXVariantGroup;
			children = (
				042F933C28D52148002855D7 /* Base */,
			);
			name = LaunchScreen.storyboard;
			sourceTree = "<group>";
		};
/* End PBXVariantGroup section */

/* Begin XCBuildConfiguration section */
		042F935528D52148002855D7 /* Debug */ = {
			isa = XCBuildConfiguration;
			buildSettings = {
				ALWAYS_SEARCH_USER_PATHS = NO;
				CLANG_ANALYZER_NONNULL = YES;
				CLANG_ANALYZER_NUMBER_OBJECT_CONVERSION = YES_AGGRESSIVE;
				CLANG_CXX_LANGUAGE_STANDARD = "gnu++17";
				CLANG_CXX_LIBRARY = "libc++";
				CLANG_ENABLE_MODULES = YES;
				CLANG_ENABLE_OBJC_ARC = YES;
				CLANG_ENABLE_OBJC_WEAK = YES;
				CLANG_WARN_BLOCK_CAPTURE_AUTORELEASING = YES;
				CLANG_WARN_BOOL_CONVERSION = YES;
				CLANG_WARN_COMMA = YES;
				CLANG_WARN_CONSTANT_CONVERSION = YES;
				CLANG_WARN_DEPRECATED_OBJC_IMPLEMENTATIONS = YES;
				CLANG_WARN_DIRECT_OBJC_ISA_USAGE = YES_ERROR;
				CLANG_WARN_DOCUMENTATION_COMMENTS = YES;
				CLANG_WARN_EMPTY_BODY = YES;
				CLANG_WARN_ENUM_CONVERSION = YES;
				CLANG_WARN_INFINITE_RECURSION = YES;
				CLANG_WARN_INT_CONVERSION = YES;
				CLANG_WARN_NON_LITERAL_NULL_CONVERSION = YES;
				CLANG_WARN_OBJC_IMPLICIT_RETAIN_SELF = YES;
				CLANG_WARN_OBJC_LITERAL_CONVERSION = YES;
				CLANG_WARN_OBJC_ROOT_CLASS = YES_ERROR;
				CLANG_WARN_QUOTED_INCLUDE_IN_FRAMEWORK_HEADER = YES;
				CLANG_WARN_RANGE_LOOP_ANALYSIS = YES;
				CLANG_WARN_STRICT_PROTOTYPES = YES;
				CLANG_WARN_SUSPICIOUS_MOVE = YES;
				CLANG_WARN_UNGUARDED_AVAILABILITY = YES_AGGRESSIVE;
				CLANG_WARN_UNREACHABLE_CODE = YES;
				CLANG_WARN__DUPLICATE_METHOD_MATCH = YES;
				COPY_PHASE_STRIP = NO;
				DEBUG_INFORMATION_FORMAT = dwarf;
				ENABLE_STRICT_OBJC_MSGSEND = YES;
				ENABLE_TESTABILITY = YES;
				GCC_C_LANGUAGE_STANDARD = gnu11;
				GCC_DYNAMIC_NO_PIC = NO;
				GCC_NO_COMMON_BLOCKS = YES;
				GCC_OPTIMIZATION_LEVEL = 0;
				GCC_PREPROCESSOR_DEFINITIONS = (
					"DEBUG=1",
					"$(inherited)",
				);
				GCC_WARN_64_TO_32_BIT_CONVERSION = YES;
				GCC_WARN_ABOUT_RETURN_TYPE = YES_ERROR;
				GCC_WARN_UNDECLARED_SELECTOR = YES;
				GCC_WARN_UNINITIALIZED_AUTOS = YES_AGGRESSIVE;
				GCC_WARN_UNUSED_FUNCTION = YES;
				GCC_WARN_UNUSED_VARIABLE = YES;
				IPHONEOS_DEPLOYMENT_TARGET = 15.0;
				MTL_ENABLE_DEBUG_INFO = INCLUDE_SOURCE;
				MTL_FAST_MATH = YES;
				ONLY_ACTIVE_ARCH = YES;
				SDKROOT = iphoneos;
				SWIFT_ACTIVE_COMPILATION_CONDITIONS = DEBUG;
				SWIFT_OPTIMIZATION_LEVEL = "-Onone";
			};
			name = Debug;
		};
		042F935628D52148002855D7 /* Release */ = {
			isa = XCBuildConfiguration;
			buildSettings = {
				ALWAYS_SEARCH_USER_PATHS = NO;
				CLANG_ANALYZER_NONNULL = YES;
				CLANG_ANALYZER_NUMBER_OBJECT_CONVERSION = YES_AGGRESSIVE;
				CLANG_CXX_LANGUAGE_STANDARD = "gnu++17";
				CLANG_CXX_LIBRARY = "libc++";
				CLANG_ENABLE_MODULES = YES;
				CLANG_ENABLE_OBJC_ARC = YES;
				CLANG_ENABLE_OBJC_WEAK = YES;
				CLANG_WARN_BLOCK_CAPTURE_AUTORELEASING = YES;
				CLANG_WARN_BOOL_CONVERSION = YES;
				CLANG_WARN_COMMA = YES;
				CLANG_WARN_CONSTANT_CONVERSION = YES;
				CLANG_WARN_DEPRECATED_OBJC_IMPLEMENTATIONS = YES;
				CLANG_WARN_DIRECT_OBJC_ISA_USAGE = YES_ERROR;
				CLANG_WARN_DOCUMENTATION_COMMENTS = YES;
				CLANG_WARN_EMPTY_BODY = YES;
				CLANG_WARN_ENUM_CONVERSION = YES;
				CLANG_WARN_INFINITE_RECURSION = YES;
				CLANG_WARN_INT_CONVERSION = YES;
				CLANG_WARN_NON_LITERAL_NULL_CONVERSION = YES;
				CLANG_WARN_OBJC_IMPLICIT_RETAIN_SELF = YES;
				CLANG_WARN_OBJC_LITERAL_CONVERSION = YES;
				CLANG_WARN_OBJC_ROOT_CLASS = YES_ERROR;
				CLANG_WARN_QUOTED_INCLUDE_IN_FRAMEWORK_HEADER = YES;
				CLANG_WARN_RANGE_LOOP_ANALYSIS = YES;
				CLANG_WARN_STRICT_PROTOTYPES = YES;
				CLANG_WARN_SUSPICIOUS_MOVE = YES;
				CLANG_WARN_UNGUARDED_AVAILABILITY = YES_AGGRESSIVE;
				CLANG_WARN_UNREACHABLE_CODE = YES;
				CLANG_WARN__DUPLICATE_METHOD_MATCH = YES;
				COPY_PHASE_STRIP = NO;
				DEBUG_INFORMATION_FORMAT = "dwarf-with-dsym";
				ENABLE_NS_ASSERTIONS = NO;
				ENABLE_STRICT_OBJC_MSGSEND = YES;
				GCC_C_LANGUAGE_STANDARD = gnu11;
				GCC_NO_COMMON_BLOCKS = YES;
				GCC_WARN_64_TO_32_BIT_CONVERSION = YES;
				GCC_WARN_ABOUT_RETURN_TYPE = YES_ERROR;
				GCC_WARN_UNDECLARED_SELECTOR = YES;
				GCC_WARN_UNINITIALIZED_AUTOS = YES_AGGRESSIVE;
				GCC_WARN_UNUSED_FUNCTION = YES;
				GCC_WARN_UNUSED_VARIABLE = YES;
				IPHONEOS_DEPLOYMENT_TARGET = 15.0;
				MTL_ENABLE_DEBUG_INFO = NO;
				MTL_FAST_MATH = YES;
				SDKROOT = iphoneos;
				SWIFT_COMPILATION_MODE = wholemodule;
				SWIFT_OPTIMIZATION_LEVEL = "-O";
				VALIDATE_PRODUCT = YES;
			};
			name = Release;
		};
		042F935828D52148002855D7 /* Debug */ = {
			isa = XCBuildConfiguration;
			buildSettings = {
				ASSETCATALOG_COMPILER_APPICON_NAME = AppIcon;
				ASSETCATALOG_COMPILER_GLOBAL_ACCENT_COLOR_NAME = AccentColor;
				CODE_SIGN_STYLE = Automatic;
				CURRENT_PROJECT_VERSION = 1;
				DEVELOPMENT_TEAM = NS4SN54JJ3;
				GENERATE_INFOPLIST_FILE = YES;
				INFOPLIST_FILE = MeLiDemo/Info.plist;
				INFOPLIST_KEY_UIApplicationSupportsIndirectInputEvents = YES;
				INFOPLIST_KEY_UILaunchStoryboardName = LaunchScreen;
				INFOPLIST_KEY_UIMainStoryboardFile = Main;
				INFOPLIST_KEY_UISupportedInterfaceOrientations_iPad = "UIInterfaceOrientationPortrait UIInterfaceOrientationPortraitUpsideDown UIInterfaceOrientationLandscapeLeft UIInterfaceOrientationLandscapeRight";
				INFOPLIST_KEY_UISupportedInterfaceOrientations_iPhone = "UIInterfaceOrientationPortrait UIInterfaceOrientationLandscapeLeft UIInterfaceOrientationLandscapeRight";
				LD_RUNPATH_SEARCH_PATHS = (
					"$(inherited)",
					"@executable_path/Frameworks",
				);
				MARKETING_VERSION = 1.0;
				PRODUCT_BUNDLE_IDENTIFIER = ciobregon.MeLiDemo;
				PRODUCT_NAME = "$(TARGET_NAME)";
				SWIFT_EMIT_LOC_STRINGS = YES;
				SWIFT_VERSION = 5.0;
				TARGETED_DEVICE_FAMILY = "1,2";
			};
			name = Debug;
		};
		042F935928D52148002855D7 /* Release */ = {
			isa = XCBuildConfiguration;
			buildSettings = {
				ASSETCATALOG_COMPILER_APPICON_NAME = AppIcon;
				ASSETCATALOG_COMPILER_GLOBAL_ACCENT_COLOR_NAME = AccentColor;
				CODE_SIGN_STYLE = Automatic;
				CURRENT_PROJECT_VERSION = 1;
				DEVELOPMENT_TEAM = NS4SN54JJ3;
				GENERATE_INFOPLIST_FILE = YES;
				INFOPLIST_FILE = MeLiDemo/Info.plist;
				INFOPLIST_KEY_UIApplicationSupportsIndirectInputEvents = YES;
				INFOPLIST_KEY_UILaunchStoryboardName = LaunchScreen;
				INFOPLIST_KEY_UIMainStoryboardFile = Main;
				INFOPLIST_KEY_UISupportedInterfaceOrientations_iPad = "UIInterfaceOrientationPortrait UIInterfaceOrientationPortraitUpsideDown UIInterfaceOrientationLandscapeLeft UIInterfaceOrientationLandscapeRight";
				INFOPLIST_KEY_UISupportedInterfaceOrientations_iPhone = "UIInterfaceOrientationPortrait UIInterfaceOrientationLandscapeLeft UIInterfaceOrientationLandscapeRight";
				LD_RUNPATH_SEARCH_PATHS = (
					"$(inherited)",
					"@executable_path/Frameworks",
				);
				MARKETING_VERSION = 1.0;
				PRODUCT_BUNDLE_IDENTIFIER = ciobregon.MeLiDemo;
				PRODUCT_NAME = "$(TARGET_NAME)";
				SWIFT_EMIT_LOC_STRINGS = YES;
				SWIFT_VERSION = 5.0;
				TARGETED_DEVICE_FAMILY = "1,2";
			};
			name = Release;
		};
		042F935B28D52148002855D7 /* Debug */ = {
			isa = XCBuildConfiguration;
			buildSettings = {
				ALWAYS_EMBED_SWIFT_STANDARD_LIBRARIES = YES;
				BUNDLE_LOADER = "$(TEST_HOST)";
				CODE_SIGN_STYLE = Automatic;
				CURRENT_PROJECT_VERSION = 1;
				DEVELOPMENT_TEAM = NS4SN54JJ3;
				GENERATE_INFOPLIST_FILE = YES;
				IPHONEOS_DEPLOYMENT_TARGET = 15.0;
				LD_RUNPATH_SEARCH_PATHS = (
					"$(inherited)",
					"@executable_path/Frameworks",
					"@loader_path/Frameworks",
				);
				MARKETING_VERSION = 1.0;
				PRODUCT_BUNDLE_IDENTIFIER = ciobregon.MeLiDemoTests;
				PRODUCT_NAME = "$(TARGET_NAME)";
				SWIFT_EMIT_LOC_STRINGS = NO;
				SWIFT_VERSION = 5.0;
				TARGETED_DEVICE_FAMILY = "1,2";
				TEST_HOST = "$(BUILT_PRODUCTS_DIR)/MeLiDemo.app/MeLiDemo";
			};
			name = Debug;
		};
		042F935C28D52148002855D7 /* Release */ = {
			isa = XCBuildConfiguration;
			buildSettings = {
				ALWAYS_EMBED_SWIFT_STANDARD_LIBRARIES = YES;
				BUNDLE_LOADER = "$(TEST_HOST)";
				CODE_SIGN_STYLE = Automatic;
				CURRENT_PROJECT_VERSION = 1;
				DEVELOPMENT_TEAM = NS4SN54JJ3;
				GENERATE_INFOPLIST_FILE = YES;
				IPHONEOS_DEPLOYMENT_TARGET = 15.0;
				LD_RUNPATH_SEARCH_PATHS = (
					"$(inherited)",
					"@executable_path/Frameworks",
					"@loader_path/Frameworks",
				);
				MARKETING_VERSION = 1.0;
				PRODUCT_BUNDLE_IDENTIFIER = ciobregon.MeLiDemoTests;
				PRODUCT_NAME = "$(TARGET_NAME)";
				SWIFT_EMIT_LOC_STRINGS = NO;
				SWIFT_VERSION = 5.0;
				TARGETED_DEVICE_FAMILY = "1,2";
				TEST_HOST = "$(BUILT_PRODUCTS_DIR)/MeLiDemo.app/MeLiDemo";
			};
			name = Release;
		};
		042F935E28D52148002855D7 /* Debug */ = {
			isa = XCBuildConfiguration;
			buildSettings = {
				ALWAYS_EMBED_SWIFT_STANDARD_LIBRARIES = YES;
				CODE_SIGN_STYLE = Automatic;
				CURRENT_PROJECT_VERSION = 1;
				DEVELOPMENT_TEAM = NS4SN54JJ3;
				GENERATE_INFOPLIST_FILE = YES;
				LD_RUNPATH_SEARCH_PATHS = (
					"$(inherited)",
					"@executable_path/Frameworks",
					"@loader_path/Frameworks",
				);
				MARKETING_VERSION = 1.0;
				PRODUCT_BUNDLE_IDENTIFIER = ciobregon.MeLiDemoUITests;
				PRODUCT_NAME = "$(TARGET_NAME)";
				SWIFT_EMIT_LOC_STRINGS = NO;
				SWIFT_VERSION = 5.0;
				TARGETED_DEVICE_FAMILY = "1,2";
				TEST_TARGET_NAME = MeLiDemo;
			};
			name = Debug;
		};
		042F935F28D52148002855D7 /* Release */ = {
			isa = XCBuildConfiguration;
			buildSettings = {
				ALWAYS_EMBED_SWIFT_STANDARD_LIBRARIES = YES;
				CODE_SIGN_STYLE = Automatic;
				CURRENT_PROJECT_VERSION = 1;
				DEVELOPMENT_TEAM = NS4SN54JJ3;
				GENERATE_INFOPLIST_FILE = YES;
				LD_RUNPATH_SEARCH_PATHS = (
					"$(inherited)",
					"@executable_path/Frameworks",
					"@loader_path/Frameworks",
				);
				MARKETING_VERSION = 1.0;
				PRODUCT_BUNDLE_IDENTIFIER = ciobregon.MeLiDemoUITests;
				PRODUCT_NAME = "$(TARGET_NAME)";
				SWIFT_EMIT_LOC_STRINGS = NO;
				SWIFT_VERSION = 5.0;
				TARGETED_DEVICE_FAMILY = "1,2";
				TEST_TARGET_NAME = MeLiDemo;
			};
			name = Release;
		};
/* End XCBuildConfiguration section */

/* Begin XCConfigurationList section */
		042F932828D52147002855D7 /* Build configuration list for PBXProject "MeLiDemo" */ = {
			isa = XCConfigurationList;
			buildConfigurations = (
				042F935528D52148002855D7 /* Debug */,
				042F935628D52148002855D7 /* Release */,
			);
			defaultConfigurationIsVisible = 0;
			defaultConfigurationName = Release;
		};
		042F935728D52148002855D7 /* Build configuration list for PBXNativeTarget "MeLiDemo" */ = {
			isa = XCConfigurationList;
			buildConfigurations = (
				042F935828D52148002855D7 /* Debug */,
				042F935928D52148002855D7 /* Release */,
			);
			defaultConfigurationIsVisible = 0;
			defaultConfigurationName = Release;
		};
		042F935A28D52148002855D7 /* Build configuration list for PBXNativeTarget "MeLiDemoTests" */ = {
			isa = XCConfigurationList;
			buildConfigurations = (
				042F935B28D52148002855D7 /* Debug */,
				042F935C28D52148002855D7 /* Release */,
			);
			defaultConfigurationIsVisible = 0;
			defaultConfigurationName = Release;
		};
		042F935D28D52148002855D7 /* Build configuration list for PBXNativeTarget "MeLiDemoUITests" */ = {
			isa = XCConfigurationList;
			buildConfigurations = (
				042F935E28D52148002855D7 /* Debug */,
				042F935F28D52148002855D7 /* Release */,
			);
			defaultConfigurationIsVisible = 0;
			defaultConfigurationName = Release;
		};
/* End XCConfigurationList section */
	};
	rootObject = 042F932528D52147002855D7 /* Project object */;
}
